// !$*UTF8*$!
{
	archiveVersion = 1;
	classes = {
	};
	objectVersion = 50;
	objects = {

/* Begin PBXBuildFile section */
		A7B96C81247877BD000A695A /* TransitionAnimator.swift in Sources */ = {isa = PBXBuildFile; fileRef = A7B96C7F247877BD000A695A /* TransitionAnimator.swift */; };
		A7B96C82247877BD000A695A /* TransitionDelegate.swift in Sources */ = {isa = PBXBuildFile; fileRef = A7B96C80247877BD000A695A /* TransitionDelegate.swift */; };
		B60F3D742475A6E0009CBE10 /* Storyboard.swift in Sources */ = {isa = PBXBuildFile; fileRef = B60F3D732475A6E0009CBE10 /* Storyboard.swift */; };
		B654DE3924759EA100027C23 /* PresetInfoTableViewDelegate.swift in Sources */ = {isa = PBXBuildFile; fileRef = B654DE3824759EA100027C23 /* PresetInfoTableViewDelegate.swift */; };
		B654DE3B24759EB800027C23 /* PresetInfoTableViewDataSource.swift in Sources */ = {isa = PBXBuildFile; fileRef = B654DE3A24759EB800027C23 /* PresetInfoTableViewDataSource.swift */; };
		B654DE3D24759F7500027C23 /* Identifier.swift in Sources */ = {isa = PBXBuildFile; fileRef = B654DE3C24759F7500027C23 /* Identifier.swift */; };
		B654DE3F2475A17200027C23 /* PresetInfoTableViewViewController.swift in Sources */ = {isa = PBXBuildFile; fileRef = B654DE3E2475A17200027C23 /* PresetInfoTableViewViewController.swift */; };
		B659283F247335F100F4B4C8 /* BaseViewController.swift in Sources */ = {isa = PBXBuildFile; fileRef = B659283E247335F100F4B4C8 /* BaseViewController.swift */; };
		B65928482474598600F4B4C8 /* CloseButton.swift in Sources */ = {isa = PBXBuildFile; fileRef = B65928472474598600F4B4C8 /* CloseButton.swift */; };
		B659284A24745F7F00F4B4C8 /* RoundedBluredView.swift in Sources */ = {isa = PBXBuildFile; fileRef = B659284924745F7F00F4B4C8 /* RoundedBluredView.swift */; };
		B659285D24746FC100F4B4C8 /* CircleImageView.swift in Sources */ = {isa = PBXBuildFile; fileRef = B659285C24746FC100F4B4C8 /* CircleImageView.swift */; };
		B659285F2474770C00F4B4C8 /* PresetPreviewViewController.storyboard in Resources */ = {isa = PBXBuildFile; fileRef = B659285E2474770C00F4B4C8 /* PresetPreviewViewController.storyboard */; };
		B659286124747C5A00F4B4C8 /* PresetPreviewViewController.swift in Sources */ = {isa = PBXBuildFile; fileRef = B659286024747C5A00F4B4C8 /* PresetPreviewViewController.swift */; };
		B659286424747D8E00F4B4C8 /* AboutPresetTableViewCell.swift in Sources */ = {isa = PBXBuildFile; fileRef = B659286324747D8E00F4B4C8 /* AboutPresetTableViewCell.swift */; };
		B659286624747D9E00F4B4C8 /* ArtistPresetTableViewCell.swift in Sources */ = {isa = PBXBuildFile; fileRef = B659286524747D9E00F4B4C8 /* ArtistPresetTableViewCell.swift */; };
		B659286824747DB300F4B4C8 /* OthersPresetsTableViewCell.swift in Sources */ = {isa = PBXBuildFile; fileRef = B659286724747DB300F4B4C8 /* OthersPresetsTableViewCell.swift */; };
		B659286E2474824300F4B4C8 /* User.swift in Sources */ = {isa = PBXBuildFile; fileRef = B659286D2474824300F4B4C8 /* User.swift */; };
		B65928702474844D00F4B4C8 /* UIImageView.swift in Sources */ = {isa = PBXBuildFile; fileRef = B659286F2474844D00F4B4C8 /* UIImageView.swift */; };
		B659287424748D1500F4B4C8 /* Preset.swift in Sources */ = {isa = PBXBuildFile; fileRef = B659287324748D1500F4B4C8 /* Preset.swift */; };
		B659287824748D8E00F4B4C8 /* Artist.swift in Sources */ = {isa = PBXBuildFile; fileRef = B659287724748D8E00F4B4C8 /* Artist.swift */; };
		B659287A2474946800F4B4C8 /* URLManager.swift in Sources */ = {isa = PBXBuildFile; fileRef = B65928792474946800F4B4C8 /* URLManager.swift */; };
		B659287C2474986700F4B4C8 /* ImagesPageViewController.swift in Sources */ = {isa = PBXBuildFile; fileRef = B659287B2474986700F4B4C8 /* ImagesPageViewController.swift */; };
		B659287E2474993E00F4B4C8 /* PresetImageViewController.swift in Sources */ = {isa = PBXBuildFile; fileRef = B659287D2474993E00F4B4C8 /* PresetImageViewController.swift */; };
		B659288024749E0700F4B4C8 /* UIViewController.swift in Sources */ = {isa = PBXBuildFile; fileRef = B659287F24749E0700F4B4C8 /* UIViewController.swift */; };
		B67E410224786B2D003DE748 /* DynamicCollectionViewDataSource.swift in Sources */ = {isa = PBXBuildFile; fileRef = B67E410124786B2D003DE748 /* DynamicCollectionViewDataSource.swift */; };
		B68A4F1124732674003B0EF5 /* TabBarController.swift in Sources */ = {isa = PBXBuildFile; fileRef = B68A4F1024732674003B0EF5 /* TabBarController.swift */; };
		B68A4F13247326B6003B0EF5 /* FeedViewController.swift in Sources */ = {isa = PBXBuildFile; fileRef = B68A4F12247326B6003B0EF5 /* FeedViewController.swift */; };
		B68A4F152473279B003B0EF5 /* DiscoverViewController.swift in Sources */ = {isa = PBXBuildFile; fileRef = B68A4F142473279B003B0EF5 /* DiscoverViewController.swift */; };
		B68A4F17247327A4003B0EF5 /* ProfileViewController.swift in Sources */ = {isa = PBXBuildFile; fileRef = B68A4F16247327A4003B0EF5 /* ProfileViewController.swift */; };
		B6A19771247870DE00C93302 /* DynamicCollectionViewDelegate.swift in Sources */ = {isa = PBXBuildFile; fileRef = B6A19770247870DE00C93302 /* DynamicCollectionViewDelegate.swift */; };
		B6A19773247873F600C93302 /* Mock.swift in Sources */ = {isa = PBXBuildFile; fileRef = B6A19772247873F600C93302 /* Mock.swift */; };
		B6A4E017246F2114009A78AC /* AppDelegate.swift in Sources */ = {isa = PBXBuildFile; fileRef = B6A4E016246F2114009A78AC /* AppDelegate.swift */; };
		B6A4E019246F2114009A78AC /* SceneDelegate.swift in Sources */ = {isa = PBXBuildFile; fileRef = B6A4E018246F2114009A78AC /* SceneDelegate.swift */; };
		B6A4E021246F2114009A78AC /* PresetsMarketplace.xcdatamodeld in Sources */ = {isa = PBXBuildFile; fileRef = B6A4E01F246F2114009A78AC /* PresetsMarketplace.xcdatamodeld */; };
		B6A4E023246F2115009A78AC /* Assets.xcassets in Resources */ = {isa = PBXBuildFile; fileRef = B6A4E022246F2115009A78AC /* Assets.xcassets */; };
		B6A4E026246F2115009A78AC /* LaunchScreen.storyboard in Resources */ = {isa = PBXBuildFile; fileRef = B6A4E024246F2115009A78AC /* LaunchScreen.storyboard */; };
		B6C2F21A247C56C7009A1C8B /* DynamicCollectionViewDAO.swift in Sources */ = {isa = PBXBuildFile; fileRef = B6C2F219247C56C7009A1C8B /* DynamicCollectionViewDAO.swift */; };
		B6C2F226247C6CDB009A1C8B /* Duotone.dng in Resources */ = {isa = PBXBuildFile; fileRef = B6C2F21C247C6CDA009A1C8B /* Duotone.dng */; };
		B6C2F227247C6CDB009A1C8B /* Black-And-White.dng in Resources */ = {isa = PBXBuildFile; fileRef = B6C2F21D247C6CDA009A1C8B /* Black-And-White.dng */; };
		B6C2F228247C6CDB009A1C8B /* Pastel.dng in Resources */ = {isa = PBXBuildFile; fileRef = B6C2F21E247C6CDA009A1C8B /* Pastel.dng */; };
		B6C2F229247C6CDB009A1C8B /* Film.dng in Resources */ = {isa = PBXBuildFile; fileRef = B6C2F21F247C6CDA009A1C8B /* Film.dng */; };
		B6C2F22A247C6CDB009A1C8B /* Contrast.dng in Resources */ = {isa = PBXBuildFile; fileRef = B6C2F220247C6CDA009A1C8B /* Contrast.dng */; };
		B6C2F22B247C6CDB009A1C8B /* Monotone.dng in Resources */ = {isa = PBXBuildFile; fileRef = B6C2F221247C6CDA009A1C8B /* Monotone.dng */; };
		B6C2F22C247C6CDB009A1C8B /* Split-Tone.dng in Resources */ = {isa = PBXBuildFile; fileRef = B6C2F222247C6CDA009A1C8B /* Split-Tone.dng */; };
		B6C2F22D247C6CDB009A1C8B /* Matte.dng in Resources */ = {isa = PBXBuildFile; fileRef = B6C2F223247C6CDA009A1C8B /* Matte.dng */; };
		B6C2F22E247C6CDB009A1C8B /* Vintage.dng in Resources */ = {isa = PBXBuildFile; fileRef = B6C2F224247C6CDB009A1C8B /* Vintage.dng */; };
		B6C2F22F247C6CDB009A1C8B /* HDR.dng in Resources */ = {isa = PBXBuildFile; fileRef = B6C2F225247C6CDB009A1C8B /* HDR.dng */; };
		B6E764FD2476FF47000B5778 /* OthersPresetsCollectionViewDelegate.swift in Sources */ = {isa = PBXBuildFile; fileRef = B6E764FC2476FF47000B5778 /* OthersPresetsCollectionViewDelegate.swift */; };
		B6E764FF2476FF4F000B5778 /* OthersPresetsCollectionViewDataSource.swift in Sources */ = {isa = PBXBuildFile; fileRef = B6E764FE2476FF4F000B5778 /* OthersPresetsCollectionViewDataSource.swift */; };
		B6E76502247701B7000B5778 /* OthersPresetsCollectionViewCell.swift in Sources */ = {isa = PBXBuildFile; fileRef = B6E76501247701B7000B5778 /* OthersPresetsCollectionViewCell.swift */; };
		C0802F7424759EF2006267F7 /* DynamicCollectionView.swift in Sources */ = {isa = PBXBuildFile; fileRef = C0802F7324759EF2006267F7 /* DynamicCollectionView.swift */; };
		C0802F762475A109006267F7 /* DynamicCollectionViewCell.swift in Sources */ = {isa = PBXBuildFile; fileRef = C0802F752475A109006267F7 /* DynamicCollectionViewCell.swift */; };
		C0802F782475A5F8006267F7 /* DynamicCollectionArtistViewCell.swift in Sources */ = {isa = PBXBuildFile; fileRef = C0802F772475A5F8006267F7 /* DynamicCollectionArtistViewCell.swift */; };
		C0802F7A2475BF85006267F7 /* CollectionViewCellEnum.swift in Sources */ = {isa = PBXBuildFile; fileRef = C0802F792475BF85006267F7 /* CollectionViewCellEnum.swift */; };
		D947898124749C8200A536DF /* DynamicCollectionViewLayout.swift in Sources */ = {isa = PBXBuildFile; fileRef = D947898024749C8200A536DF /* DynamicCollectionViewLayout.swift */; };
/* End PBXBuildFile section */

/* Begin PBXFileReference section */
		A7B96C7F247877BD000A695A /* TransitionAnimator.swift */ = {isa = PBXFileReference; fileEncoding = 4; lastKnownFileType = sourcecode.swift; path = TransitionAnimator.swift; sourceTree = "<group>"; };
		A7B96C80247877BD000A695A /* TransitionDelegate.swift */ = {isa = PBXFileReference; fileEncoding = 4; lastKnownFileType = sourcecode.swift; path = TransitionDelegate.swift; sourceTree = "<group>"; };
		B60F3D732475A6E0009CBE10 /* Storyboard.swift */ = {isa = PBXFileReference; lastKnownFileType = sourcecode.swift; path = Storyboard.swift; sourceTree = "<group>"; };
		B654DE3824759EA100027C23 /* PresetInfoTableViewDelegate.swift */ = {isa = PBXFileReference; lastKnownFileType = sourcecode.swift; path = PresetInfoTableViewDelegate.swift; sourceTree = "<group>"; };
		B654DE3A24759EB800027C23 /* PresetInfoTableViewDataSource.swift */ = {isa = PBXFileReference; lastKnownFileType = sourcecode.swift; path = PresetInfoTableViewDataSource.swift; sourceTree = "<group>"; };
		B654DE3C24759F7500027C23 /* Identifier.swift */ = {isa = PBXFileReference; lastKnownFileType = sourcecode.swift; path = Identifier.swift; sourceTree = "<group>"; };
		B654DE3E2475A17200027C23 /* PresetInfoTableViewViewController.swift */ = {isa = PBXFileReference; lastKnownFileType = sourcecode.swift; path = PresetInfoTableViewViewController.swift; sourceTree = "<group>"; };
		B659283E247335F100F4B4C8 /* BaseViewController.swift */ = {isa = PBXFileReference; lastKnownFileType = sourcecode.swift; path = BaseViewController.swift; sourceTree = "<group>"; };
		B65928472474598600F4B4C8 /* CloseButton.swift */ = {isa = PBXFileReference; lastKnownFileType = sourcecode.swift; path = CloseButton.swift; sourceTree = "<group>"; };
		B659284924745F7F00F4B4C8 /* RoundedBluredView.swift */ = {isa = PBXFileReference; lastKnownFileType = sourcecode.swift; path = RoundedBluredView.swift; sourceTree = "<group>"; };
		B659285C24746FC100F4B4C8 /* CircleImageView.swift */ = {isa = PBXFileReference; lastKnownFileType = sourcecode.swift; path = CircleImageView.swift; sourceTree = "<group>"; };
		B659285E2474770C00F4B4C8 /* PresetPreviewViewController.storyboard */ = {isa = PBXFileReference; lastKnownFileType = file.storyboard; path = PresetPreviewViewController.storyboard; sourceTree = "<group>"; };
		B659286024747C5A00F4B4C8 /* PresetPreviewViewController.swift */ = {isa = PBXFileReference; lastKnownFileType = sourcecode.swift; path = PresetPreviewViewController.swift; sourceTree = "<group>"; };
		B659286324747D8E00F4B4C8 /* AboutPresetTableViewCell.swift */ = {isa = PBXFileReference; lastKnownFileType = sourcecode.swift; path = AboutPresetTableViewCell.swift; sourceTree = "<group>"; };
		B659286524747D9E00F4B4C8 /* ArtistPresetTableViewCell.swift */ = {isa = PBXFileReference; lastKnownFileType = sourcecode.swift; path = ArtistPresetTableViewCell.swift; sourceTree = "<group>"; };
		B659286724747DB300F4B4C8 /* OthersPresetsTableViewCell.swift */ = {isa = PBXFileReference; lastKnownFileType = sourcecode.swift; path = OthersPresetsTableViewCell.swift; sourceTree = "<group>"; };
		B659286D2474824300F4B4C8 /* User.swift */ = {isa = PBXFileReference; lastKnownFileType = sourcecode.swift; path = User.swift; sourceTree = "<group>"; };
		B659286F2474844D00F4B4C8 /* UIImageView.swift */ = {isa = PBXFileReference; lastKnownFileType = sourcecode.swift; path = UIImageView.swift; sourceTree = "<group>"; };
		B659287324748D1500F4B4C8 /* Preset.swift */ = {isa = PBXFileReference; lastKnownFileType = sourcecode.swift; path = Preset.swift; sourceTree = "<group>"; };
		B659287724748D8E00F4B4C8 /* Artist.swift */ = {isa = PBXFileReference; lastKnownFileType = sourcecode.swift; path = Artist.swift; sourceTree = "<group>"; };
		B65928792474946800F4B4C8 /* URLManager.swift */ = {isa = PBXFileReference; lastKnownFileType = sourcecode.swift; path = URLManager.swift; sourceTree = "<group>"; };
		B659287B2474986700F4B4C8 /* ImagesPageViewController.swift */ = {isa = PBXFileReference; lastKnownFileType = sourcecode.swift; path = ImagesPageViewController.swift; sourceTree = "<group>"; };
		B659287D2474993E00F4B4C8 /* PresetImageViewController.swift */ = {isa = PBXFileReference; lastKnownFileType = sourcecode.swift; path = PresetImageViewController.swift; sourceTree = "<group>"; };
		B659287F24749E0700F4B4C8 /* UIViewController.swift */ = {isa = PBXFileReference; lastKnownFileType = sourcecode.swift; path = UIViewController.swift; sourceTree = "<group>"; };
		B67E410124786B2D003DE748 /* DynamicCollectionViewDataSource.swift */ = {isa = PBXFileReference; lastKnownFileType = sourcecode.swift; path = DynamicCollectionViewDataSource.swift; sourceTree = "<group>"; };
		B68A4F1024732674003B0EF5 /* TabBarController.swift */ = {isa = PBXFileReference; lastKnownFileType = sourcecode.swift; path = TabBarController.swift; sourceTree = "<group>"; };
		B68A4F12247326B6003B0EF5 /* FeedViewController.swift */ = {isa = PBXFileReference; lastKnownFileType = sourcecode.swift; path = FeedViewController.swift; sourceTree = "<group>"; };
		B68A4F142473279B003B0EF5 /* DiscoverViewController.swift */ = {isa = PBXFileReference; lastKnownFileType = sourcecode.swift; path = DiscoverViewController.swift; sourceTree = "<group>"; };
		B68A4F16247327A4003B0EF5 /* ProfileViewController.swift */ = {isa = PBXFileReference; lastKnownFileType = sourcecode.swift; path = ProfileViewController.swift; sourceTree = "<group>"; };
		B6A19770247870DE00C93302 /* DynamicCollectionViewDelegate.swift */ = {isa = PBXFileReference; lastKnownFileType = sourcecode.swift; path = DynamicCollectionViewDelegate.swift; sourceTree = "<group>"; };
		B6A19772247873F600C93302 /* Mock.swift */ = {isa = PBXFileReference; lastKnownFileType = sourcecode.swift; path = Mock.swift; sourceTree = "<group>"; };
		B6A4E013246F2114009A78AC /* PresetsMarketplace.app */ = {isa = PBXFileReference; explicitFileType = wrapper.application; includeInIndex = 0; path = PresetsMarketplace.app; sourceTree = BUILT_PRODUCTS_DIR; };
		B6A4E016246F2114009A78AC /* AppDelegate.swift */ = {isa = PBXFileReference; lastKnownFileType = sourcecode.swift; path = AppDelegate.swift; sourceTree = "<group>"; };
		B6A4E018246F2114009A78AC /* SceneDelegate.swift */ = {isa = PBXFileReference; lastKnownFileType = sourcecode.swift; path = SceneDelegate.swift; sourceTree = "<group>"; };
		B6A4E020246F2114009A78AC /* PresetsMarketplace.xcdatamodel */ = {isa = PBXFileReference; lastKnownFileType = wrapper.xcdatamodel; path = PresetsMarketplace.xcdatamodel; sourceTree = "<group>"; };
		B6A4E022246F2115009A78AC /* Assets.xcassets */ = {isa = PBXFileReference; lastKnownFileType = folder.assetcatalog; path = Assets.xcassets; sourceTree = "<group>"; };
		B6A4E025246F2115009A78AC /* Base */ = {isa = PBXFileReference; lastKnownFileType = file.storyboard; name = Base; path = Base.lproj/LaunchScreen.storyboard; sourceTree = "<group>"; };
		B6A4E027246F2115009A78AC /* Info.plist */ = {isa = PBXFileReference; lastKnownFileType = text.plist.xml; path = Info.plist; sourceTree = "<group>"; };
		B6C2F219247C56C7009A1C8B /* DynamicCollectionViewDAO.swift */ = {isa = PBXFileReference; lastKnownFileType = sourcecode.swift; path = DynamicCollectionViewDAO.swift; sourceTree = "<group>"; };
		B6C2F21C247C6CDA009A1C8B /* Duotone.dng */ = {isa = PBXFileReference; lastKnownFileType = file; path = Duotone.dng; sourceTree = "<group>"; };
		B6C2F21D247C6CDA009A1C8B /* Black-And-White.dng */ = {isa = PBXFileReference; lastKnownFileType = file; path = "Black-And-White.dng"; sourceTree = "<group>"; };
		B6C2F21E247C6CDA009A1C8B /* Pastel.dng */ = {isa = PBXFileReference; lastKnownFileType = file; path = Pastel.dng; sourceTree = "<group>"; };
		B6C2F21F247C6CDA009A1C8B /* Film.dng */ = {isa = PBXFileReference; lastKnownFileType = file; path = Film.dng; sourceTree = "<group>"; };
		B6C2F220247C6CDA009A1C8B /* Contrast.dng */ = {isa = PBXFileReference; lastKnownFileType = file; path = Contrast.dng; sourceTree = "<group>"; };
		B6C2F221247C6CDA009A1C8B /* Monotone.dng */ = {isa = PBXFileReference; lastKnownFileType = file; path = Monotone.dng; sourceTree = "<group>"; };
		B6C2F222247C6CDA009A1C8B /* Split-Tone.dng */ = {isa = PBXFileReference; lastKnownFileType = file; path = "Split-Tone.dng"; sourceTree = "<group>"; };
		B6C2F223247C6CDA009A1C8B /* Matte.dng */ = {isa = PBXFileReference; lastKnownFileType = file; path = Matte.dng; sourceTree = "<group>"; };
		B6C2F224247C6CDB009A1C8B /* Vintage.dng */ = {isa = PBXFileReference; lastKnownFileType = file; path = Vintage.dng; sourceTree = "<group>"; };
		B6C2F225247C6CDB009A1C8B /* HDR.dng */ = {isa = PBXFileReference; lastKnownFileType = file; path = HDR.dng; sourceTree = "<group>"; };
		B6E764FC2476FF47000B5778 /* OthersPresetsCollectionViewDelegate.swift */ = {isa = PBXFileReference; lastKnownFileType = sourcecode.swift; path = OthersPresetsCollectionViewDelegate.swift; sourceTree = "<group>"; };
		B6E764FE2476FF4F000B5778 /* OthersPresetsCollectionViewDataSource.swift */ = {isa = PBXFileReference; lastKnownFileType = sourcecode.swift; path = OthersPresetsCollectionViewDataSource.swift; sourceTree = "<group>"; };
		B6E76501247701B7000B5778 /* OthersPresetsCollectionViewCell.swift */ = {isa = PBXFileReference; lastKnownFileType = sourcecode.swift; path = OthersPresetsCollectionViewCell.swift; sourceTree = "<group>"; };
		C0802F7324759EF2006267F7 /* DynamicCollectionView.swift */ = {isa = PBXFileReference; lastKnownFileType = sourcecode.swift; path = DynamicCollectionView.swift; sourceTree = "<group>"; };
		C0802F752475A109006267F7 /* DynamicCollectionViewCell.swift */ = {isa = PBXFileReference; lastKnownFileType = sourcecode.swift; path = DynamicCollectionViewCell.swift; sourceTree = "<group>"; };
		C0802F772475A5F8006267F7 /* DynamicCollectionArtistViewCell.swift */ = {isa = PBXFileReference; lastKnownFileType = sourcecode.swift; path = DynamicCollectionArtistViewCell.swift; sourceTree = "<group>"; };
		C0802F792475BF85006267F7 /* CollectionViewCellEnum.swift */ = {isa = PBXFileReference; lastKnownFileType = sourcecode.swift; path = CollectionViewCellEnum.swift; sourceTree = "<group>"; };
		D947898024749C8200A536DF /* DynamicCollectionViewLayout.swift */ = {isa = PBXFileReference; lastKnownFileType = sourcecode.swift; path = DynamicCollectionViewLayout.swift; sourceTree = "<group>"; };
/* End PBXFileReference section */

/* Begin PBXFrameworksBuildPhase section */
		B6A4E010246F2113009A78AC /* Frameworks */ = {
			isa = PBXFrameworksBuildPhase;
			buildActionMask = 2147483647;
			files = (
			);
			runOnlyForDeploymentPostprocessing = 0;
		};
/* End PBXFrameworksBuildPhase section */

/* Begin PBXGroup section */
		A7B96C7E247877A4000A695A /* Segue */ = {
			isa = PBXGroup;
			children = (
				A7B96C7F247877BD000A695A /* TransitionAnimator.swift */,
				A7B96C80247877BD000A695A /* TransitionDelegate.swift */,
			);
			path = Segue;
			sourceTree = "<group>";
		};
		B654DE3724759E7C00027C23 /* TableView */ = {
			isa = PBXGroup;
			children = (
				B6E764FB2476FF2F000B5778 /* CollectionView */,
				B654DE3E2475A17200027C23 /* PresetInfoTableViewViewController.swift */,
				B654DE3824759EA100027C23 /* PresetInfoTableViewDelegate.swift */,
				B654DE3A24759EB800027C23 /* PresetInfoTableViewDataSource.swift */,
			);
			path = TableView;
			sourceTree = "<group>";
		};
		B65928382473343900F4B4C8 /* Protocols */ = {
			isa = PBXGroup;
			children = (
			);
			path = Protocols;
			sourceTree = "<group>";
		};
		B659283B2473351200F4B4C8 /* Extensions */ = {
			isa = PBXGroup;
			children = (
				B659286F2474844D00F4B4C8 /* UIImageView.swift */,
				B659287F24749E0700F4B4C8 /* UIViewController.swift */,
			);
			path = Extensions;
			sourceTree = "<group>";
		};
		B6592846247458D800F4B4C8 /* PresetPreviewViewController */ = {
			isa = PBXGroup;
			children = (
				B654DE3724759E7C00027C23 /* TableView */,
				B659287224748A9900F4B4C8 /* ImagesPageViewController */,
				B659286224747C8200F4B4C8 /* View */,
				B659285E2474770C00F4B4C8 /* PresetPreviewViewController.storyboard */,
				B659286024747C5A00F4B4C8 /* PresetPreviewViewController.swift */,
			);
			path = PresetPreviewViewController;
			sourceTree = "<group>";
		};
		B659286224747C8200F4B4C8 /* View */ = {
			isa = PBXGroup;
			children = (
				B659286324747D8E00F4B4C8 /* AboutPresetTableViewCell.swift */,
				B659286524747D9E00F4B4C8 /* ArtistPresetTableViewCell.swift */,
				B659286724747DB300F4B4C8 /* OthersPresetsTableViewCell.swift */,
			);
			path = View;
			sourceTree = "<group>";
		};
		B659287224748A9900F4B4C8 /* ImagesPageViewController */ = {
			isa = PBXGroup;
			children = (
				B659287B2474986700F4B4C8 /* ImagesPageViewController.swift */,
				B659287D2474993E00F4B4C8 /* PresetImageViewController.swift */,
			);
			path = ImagesPageViewController;
			sourceTree = "<group>";
		};
		B67E40FF24786B06003DE748 /* Delegates */ = {
			isa = PBXGroup;
			children = (
				B6A19770247870DE00C93302 /* DynamicCollectionViewDelegate.swift */,
			);
			path = Delegates;
			sourceTree = "<group>";
		};
		B67E410024786B0F003DE748 /* DataSources */ = {
			isa = PBXGroup;
			children = (
				B67E410124786B2D003DE748 /* DynamicCollectionViewDataSource.swift */,
			);
			path = DataSources;
			sourceTree = "<group>";
		};
		B68A4F09247325F1003B0EF5 /* Controller */ = {
			isa = PBXGroup;
			children = (
				B6592846247458D800F4B4C8 /* PresetPreviewViewController */,
				B68A4F1024732674003B0EF5 /* TabBarController.swift */,
				B68A4F12247326B6003B0EF5 /* FeedViewController.swift */,
				B68A4F142473279B003B0EF5 /* DiscoverViewController.swift */,
				B68A4F16247327A4003B0EF5 /* ProfileViewController.swift */,
				B659283E247335F100F4B4C8 /* BaseViewController.swift */,
			);
			path = Controller;
			sourceTree = "<group>";
		};
		B68A4F0A247325F7003B0EF5 /* View */ = {
			isa = PBXGroup;
			children = (
				B65928472474598600F4B4C8 /* CloseButton.swift */,
				B659284924745F7F00F4B4C8 /* RoundedBluredView.swift */,
				B659285C24746FC100F4B4C8 /* CircleImageView.swift */,
				C0802F7324759EF2006267F7 /* DynamicCollectionView.swift */,
				C0802F752475A109006267F7 /* DynamicCollectionViewCell.swift */,
				C0802F772475A5F8006267F7 /* DynamicCollectionArtistViewCell.swift */,
			);
			path = View;
			sourceTree = "<group>";
		};
		B68A4F0B247325FA003B0EF5 /* Model */ = {
			isa = PBXGroup;
			children = (
				B659286D2474824300F4B4C8 /* User.swift */,
				B659287324748D1500F4B4C8 /* Preset.swift */,
				B659287724748D8E00F4B4C8 /* Artist.swift */,
			);
			path = Model;
			sourceTree = "<group>";
		};
		B68A4F0C247325FF003B0EF5 /* Helpers */ = {
			isa = PBXGroup;
			children = (
				B65928792474946800F4B4C8 /* URLManager.swift */,
				B654DE3C24759F7500027C23 /* Identifier.swift */,
				B60F3D732475A6E0009CBE10 /* Storyboard.swift */,
				D947898024749C8200A536DF /* DynamicCollectionViewLayout.swift */,
				C0802F792475BF85006267F7 /* CollectionViewCellEnum.swift */,
				B6A19772247873F600C93302 /* Mock.swift */,
				B6C2F219247C56C7009A1C8B /* DynamicCollectionViewDAO.swift */,
			);
			path = Helpers;
			sourceTree = "<group>";
		};
		B68A4F0D24732608003B0EF5 /* Supporting Files */ = {
			isa = PBXGroup;
			children = (
				B6A4E016246F2114009A78AC /* AppDelegate.swift */,
				B6A4E018246F2114009A78AC /* SceneDelegate.swift */,
			);
			path = "Supporting Files";
			sourceTree = "<group>";
		};
		B6A4E00A246F2113009A78AC = {
			isa = PBXGroup;
			children = (
				B6A4E015246F2114009A78AC /* PresetsMarketplace */,
				B6A4E014246F2114009A78AC /* Products */,
			);
			sourceTree = "<group>";
		};
		B6A4E014246F2114009A78AC /* Products */ = {
			isa = PBXGroup;
			children = (
				B6A4E013246F2114009A78AC /* PresetsMarketplace.app */,
			);
			name = Products;
			sourceTree = "<group>";
		};
		B6A4E015246F2114009A78AC /* PresetsMarketplace */ = {
			isa = PBXGroup;
			children = (
				B6C2F21B247C6C7E009A1C8B /* DNGs */,
				B67E410024786B0F003DE748 /* DataSources */,
				B67E40FF24786B06003DE748 /* Delegates */,
				B659283B2473351200F4B4C8 /* Extensions */,
				B65928382473343900F4B4C8 /* Protocols */,
				B68A4F0D24732608003B0EF5 /* Supporting Files */,
				B68A4F0C247325FF003B0EF5 /* Helpers */,
				B68A4F0B247325FA003B0EF5 /* Model */,
				B68A4F0A247325F7003B0EF5 /* View */,
				B68A4F09247325F1003B0EF5 /* Controller */,
				A7B96C7E247877A4000A695A /* Segue */,
				B6A4E022246F2115009A78AC /* Assets.xcassets */,
				B6A4E024246F2115009A78AC /* LaunchScreen.storyboard */,
				B6A4E027246F2115009A78AC /* Info.plist */,
				B6A4E01F246F2114009A78AC /* PresetsMarketplace.xcdatamodeld */,
			);
			path = PresetsMarketplace;
			sourceTree = "<group>";
		};
		B6C2F21B247C6C7E009A1C8B /* DNGs */ = {
			isa = PBXGroup;
			children = (
				B6C2F21D247C6CDA009A1C8B /* Black-And-White.dng */,
				B6C2F220247C6CDA009A1C8B /* Contrast.dng */,
				B6C2F21C247C6CDA009A1C8B /* Duotone.dng */,
				B6C2F21F247C6CDA009A1C8B /* Film.dng */,
				B6C2F225247C6CDB009A1C8B /* HDR.dng */,
				B6C2F223247C6CDA009A1C8B /* Matte.dng */,
				B6C2F221247C6CDA009A1C8B /* Monotone.dng */,
				B6C2F21E247C6CDA009A1C8B /* Pastel.dng */,
				B6C2F222247C6CDA009A1C8B /* Split-Tone.dng */,
				B6C2F224247C6CDB009A1C8B /* Vintage.dng */,
			);
			path = DNGs;
			sourceTree = "<group>";
		};
		B6E764FB2476FF2F000B5778 /* CollectionView */ = {
			isa = PBXGroup;
			children = (
				B6E765002477019D000B5778 /* View */,
				B6E764FC2476FF47000B5778 /* OthersPresetsCollectionViewDelegate.swift */,
				B6E764FE2476FF4F000B5778 /* OthersPresetsCollectionViewDataSource.swift */,
			);
			path = CollectionView;
			sourceTree = "<group>";
		};
		B6E765002477019D000B5778 /* View */ = {
			isa = PBXGroup;
			children = (
				B6E76501247701B7000B5778 /* OthersPresetsCollectionViewCell.swift */,
			);
			path = View;
			sourceTree = "<group>";
		};
/* End PBXGroup section */

/* Begin PBXNativeTarget section */
		B6A4E012246F2113009A78AC /* PresetsMarketplace */ = {
			isa = PBXNativeTarget;
			buildConfigurationList = B6A4E02A246F2115009A78AC /* Build configuration list for PBXNativeTarget "PresetsMarketplace" */;
			buildPhases = (
				B6A4E00F246F2113009A78AC /* Sources */,
				B6A4E010246F2113009A78AC /* Frameworks */,
				B6A4E011246F2113009A78AC /* Resources */,
			);
			buildRules = (
			);
			dependencies = (
			);
			name = PresetsMarketplace;
			productName = PresetsMarketplace;
			productReference = B6A4E013246F2114009A78AC /* PresetsMarketplace.app */;
			productType = "com.apple.product-type.application";
		};
/* End PBXNativeTarget section */

/* Begin PBXProject section */
		B6A4E00B246F2113009A78AC /* Project object */ = {
			isa = PBXProject;
			attributes = {
				LastSwiftUpdateCheck = 1140;
				LastUpgradeCheck = 1140;
				ORGANIZATIONNAME = "Lucas Fernandez Nicolau";
				TargetAttributes = {
					B6A4E012246F2113009A78AC = {
						CreatedOnToolsVersion = 11.4.1;
					};
				};
			};
			buildConfigurationList = B6A4E00E246F2113009A78AC /* Build configuration list for PBXProject "PresetsMarketplace" */;
			compatibilityVersion = "Xcode 9.3";
			developmentRegion = en;
			hasScannedForEncodings = 0;
			knownRegions = (
				en,
				Base,
			);
			mainGroup = B6A4E00A246F2113009A78AC;
			productRefGroup = B6A4E014246F2114009A78AC /* Products */;
			projectDirPath = "";
			projectRoot = "";
			targets = (
				B6A4E012246F2113009A78AC /* PresetsMarketplace */,
			);
		};
/* End PBXProject section */

/* Begin PBXResourcesBuildPhase section */
		B6A4E011246F2113009A78AC /* Resources */ = {
			isa = PBXResourcesBuildPhase;
			buildActionMask = 2147483647;
			files = (
				B6C2F22E247C6CDB009A1C8B /* Vintage.dng in Resources */,
				B6C2F22C247C6CDB009A1C8B /* Split-Tone.dng in Resources */,
				B6C2F228247C6CDB009A1C8B /* Pastel.dng in Resources */,
				B6C2F22A247C6CDB009A1C8B /* Contrast.dng in Resources */,
				B6C2F226247C6CDB009A1C8B /* Duotone.dng in Resources */,
				B6C2F229247C6CDB009A1C8B /* Film.dng in Resources */,
				B6A4E026246F2115009A78AC /* LaunchScreen.storyboard in Resources */,
				B6C2F227247C6CDB009A1C8B /* Black-And-White.dng in Resources */,
				B6C2F22B247C6CDB009A1C8B /* Monotone.dng in Resources */,
				B6C2F22D247C6CDB009A1C8B /* Matte.dng in Resources */,
				B659285F2474770C00F4B4C8 /* PresetPreviewViewController.storyboard in Resources */,
				B6A4E023246F2115009A78AC /* Assets.xcassets in Resources */,
				B6C2F22F247C6CDB009A1C8B /* HDR.dng in Resources */,
			);
			runOnlyForDeploymentPostprocessing = 0;
		};
/* End PBXResourcesBuildPhase section */

/* Begin PBXSourcesBuildPhase section */
		B6A4E00F246F2113009A78AC /* Sources */ = {
			isa = PBXSourcesBuildPhase;
			buildActionMask = 2147483647;
			files = (
				D947898124749C8200A536DF /* DynamicCollectionViewLayout.swift in Sources */,
				A7B96C82247877BD000A695A /* TransitionDelegate.swift in Sources */,
				B659286424747D8E00F4B4C8 /* AboutPresetTableViewCell.swift in Sources */,
				B659286124747C5A00F4B4C8 /* PresetPreviewViewController.swift in Sources */,
				B6E76502247701B7000B5778 /* OthersPresetsCollectionViewCell.swift in Sources */,
				B659287424748D1500F4B4C8 /* Preset.swift in Sources */,
				B654DE3B24759EB800027C23 /* PresetInfoTableViewDataSource.swift in Sources */,
				B654DE3F2475A17200027C23 /* PresetInfoTableViewViewController.swift in Sources */,
				B67E410224786B2D003DE748 /* DynamicCollectionViewDataSource.swift in Sources */,
				B65928482474598600F4B4C8 /* CloseButton.swift in Sources */,
				B6E764FD2476FF47000B5778 /* OthersPresetsCollectionViewDelegate.swift in Sources */,
				B6A4E017246F2114009A78AC /* AppDelegate.swift in Sources */,
				B68A4F1124732674003B0EF5 /* TabBarController.swift in Sources */,
				B654DE3924759EA100027C23 /* PresetInfoTableViewDelegate.swift in Sources */,
				B68A4F13247326B6003B0EF5 /* FeedViewController.swift in Sources */,
				B68A4F152473279B003B0EF5 /* DiscoverViewController.swift in Sources */,
				B659286624747D9E00F4B4C8 /* ArtistPresetTableViewCell.swift in Sources */,
				B60F3D742475A6E0009CBE10 /* Storyboard.swift in Sources */,
				C0802F782475A5F8006267F7 /* DynamicCollectionArtistViewCell.swift in Sources */,
				B659287824748D8E00F4B4C8 /* Artist.swift in Sources */,
				B659287C2474986700F4B4C8 /* ImagesPageViewController.swift in Sources */,
				B654DE3D24759F7500027C23 /* Identifier.swift in Sources */,
				B659287A2474946800F4B4C8 /* URLManager.swift in Sources */,
				B68A4F17247327A4003B0EF5 /* ProfileViewController.swift in Sources */,
				B659283F247335F100F4B4C8 /* BaseViewController.swift in Sources */,
				B659286824747DB300F4B4C8 /* OthersPresetsTableViewCell.swift in Sources */,
				B6A4E021246F2114009A78AC /* PresetsMarketplace.xcdatamodeld in Sources */,
				B65928702474844D00F4B4C8 /* UIImageView.swift in Sources */,
				D947897F24749C2A00A536DF /* DynamicCollectionViewDelegate.swift in Sources */,
				B659284A24745F7F00F4B4C8 /* RoundedBluredView.swift in Sources */,
				B659288024749E0700F4B4C8 /* UIViewController.swift in Sources */,
				B6C2F21A247C56C7009A1C8B /* DynamicCollectionViewDAO.swift in Sources */,
				C0802F762475A109006267F7 /* DynamicCollectionViewCell.swift in Sources */,
				B6A19773247873F600C93302 /* Mock.swift in Sources */,
				B659286E2474824300F4B4C8 /* User.swift in Sources */,
				B6A19771247870DE00C93302 /* DynamicCollectionViewDelegate.swift in Sources */,
				B659287E2474993E00F4B4C8 /* PresetImageViewController.swift in Sources */,
				B6E764FF2476FF4F000B5778 /* OthersPresetsCollectionViewDataSource.swift in Sources */,
				B659285D24746FC100F4B4C8 /* CircleImageView.swift in Sources */,
				C0802F7424759EF2006267F7 /* DynamicCollectionView.swift in Sources */,
				C0802F7A2475BF85006267F7 /* CollectionViewCellEnum.swift in Sources */,
				B6A4E019246F2114009A78AC /* SceneDelegate.swift in Sources */,
				A7B96C81247877BD000A695A /* TransitionAnimator.swift in Sources */,
			);
			runOnlyForDeploymentPostprocessing = 0;
		};
/* End PBXSourcesBuildPhase section */

/* Begin PBXVariantGroup section */
		B6A4E024246F2115009A78AC /* LaunchScreen.storyboard */ = {
			isa = PBXVariantGroup;
			children = (
				B6A4E025246F2115009A78AC /* Base */,
			);
			name = LaunchScreen.storyboard;
			sourceTree = "<group>";
		};
/* End PBXVariantGroup section */

/* Begin XCBuildConfiguration section */
		B6A4E028246F2115009A78AC /* Debug */ = {
			isa = XCBuildConfiguration;
			buildSettings = {
				ALWAYS_SEARCH_USER_PATHS = NO;
				CLANG_ANALYZER_NONNULL = YES;
				CLANG_ANALYZER_NUMBER_OBJECT_CONVERSION = YES_AGGRESSIVE;
				CLANG_CXX_LANGUAGE_STANDARD = "gnu++14";
				CLANG_CXX_LIBRARY = "libc++";
				CLANG_ENABLE_MODULES = YES;
				CLANG_ENABLE_OBJC_ARC = YES;
				CLANG_ENABLE_OBJC_WEAK = YES;
				CLANG_WARN_BLOCK_CAPTURE_AUTORELEASING = YES;
				CLANG_WARN_BOOL_CONVERSION = YES;
				CLANG_WARN_COMMA = YES;
				CLANG_WARN_CONSTANT_CONVERSION = YES;
				CLANG_WARN_DEPRECATED_OBJC_IMPLEMENTATIONS = YES;
				CLANG_WARN_DIRECT_OBJC_ISA_USAGE = YES_ERROR;
				CLANG_WARN_DOCUMENTATION_COMMENTS = YES;
				CLANG_WARN_EMPTY_BODY = YES;
				CLANG_WARN_ENUM_CONVERSION = YES;
				CLANG_WARN_INFINITE_RECURSION = YES;
				CLANG_WARN_INT_CONVERSION = YES;
				CLANG_WARN_NON_LITERAL_NULL_CONVERSION = YES;
				CLANG_WARN_OBJC_IMPLICIT_RETAIN_SELF = YES;
				CLANG_WARN_OBJC_LITERAL_CONVERSION = YES;
				CLANG_WARN_OBJC_ROOT_CLASS = YES_ERROR;
				CLANG_WARN_RANGE_LOOP_ANALYSIS = YES;
				CLANG_WARN_STRICT_PROTOTYPES = YES;
				CLANG_WARN_SUSPICIOUS_MOVE = YES;
				CLANG_WARN_UNGUARDED_AVAILABILITY = YES_AGGRESSIVE;
				CLANG_WARN_UNREACHABLE_CODE = YES;
				CLANG_WARN__DUPLICATE_METHOD_MATCH = YES;
				COPY_PHASE_STRIP = NO;
				DEBUG_INFORMATION_FORMAT = dwarf;
				ENABLE_STRICT_OBJC_MSGSEND = YES;
				ENABLE_TESTABILITY = YES;
				GCC_C_LANGUAGE_STANDARD = gnu11;
				GCC_DYNAMIC_NO_PIC = NO;
				GCC_NO_COMMON_BLOCKS = YES;
				GCC_OPTIMIZATION_LEVEL = 0;
				GCC_PREPROCESSOR_DEFINITIONS = (
					"DEBUG=1",
					"$(inherited)",
				);
				GCC_WARN_64_TO_32_BIT_CONVERSION = YES;
				GCC_WARN_ABOUT_RETURN_TYPE = YES_ERROR;
				GCC_WARN_UNDECLARED_SELECTOR = YES;
				GCC_WARN_UNINITIALIZED_AUTOS = YES_AGGRESSIVE;
				GCC_WARN_UNUSED_FUNCTION = YES;
				GCC_WARN_UNUSED_VARIABLE = YES;
				IPHONEOS_DEPLOYMENT_TARGET = 13.4;
				MTL_ENABLE_DEBUG_INFO = INCLUDE_SOURCE;
				MTL_FAST_MATH = YES;
				ONLY_ACTIVE_ARCH = YES;
				SDKROOT = iphoneos;
				SWIFT_ACTIVE_COMPILATION_CONDITIONS = DEBUG;
				SWIFT_OPTIMIZATION_LEVEL = "-Onone";
			};
			name = Debug;
		};
		B6A4E029246F2115009A78AC /* Release */ = {
			isa = XCBuildConfiguration;
			buildSettings = {
				ALWAYS_SEARCH_USER_PATHS = NO;
				CLANG_ANALYZER_NONNULL = YES;
				CLANG_ANALYZER_NUMBER_OBJECT_CONVERSION = YES_AGGRESSIVE;
				CLANG_CXX_LANGUAGE_STANDARD = "gnu++14";
				CLANG_CXX_LIBRARY = "libc++";
				CLANG_ENABLE_MODULES = YES;
				CLANG_ENABLE_OBJC_ARC = YES;
				CLANG_ENABLE_OBJC_WEAK = YES;
				CLANG_WARN_BLOCK_CAPTURE_AUTORELEASING = YES;
				CLANG_WARN_BOOL_CONVERSION = YES;
				CLANG_WARN_COMMA = YES;
				CLANG_WARN_CONSTANT_CONVERSION = YES;
				CLANG_WARN_DEPRECATED_OBJC_IMPLEMENTATIONS = YES;
				CLANG_WARN_DIRECT_OBJC_ISA_USAGE = YES_ERROR;
				CLANG_WARN_DOCUMENTATION_COMMENTS = YES;
				CLANG_WARN_EMPTY_BODY = YES;
				CLANG_WARN_ENUM_CONVERSION = YES;
				CLANG_WARN_INFINITE_RECURSION = YES;
				CLANG_WARN_INT_CONVERSION = YES;
				CLANG_WARN_NON_LITERAL_NULL_CONVERSION = YES;
				CLANG_WARN_OBJC_IMPLICIT_RETAIN_SELF = YES;
				CLANG_WARN_OBJC_LITERAL_CONVERSION = YES;
				CLANG_WARN_OBJC_ROOT_CLASS = YES_ERROR;
				CLANG_WARN_RANGE_LOOP_ANALYSIS = YES;
				CLANG_WARN_STRICT_PROTOTYPES = YES;
				CLANG_WARN_SUSPICIOUS_MOVE = YES;
				CLANG_WARN_UNGUARDED_AVAILABILITY = YES_AGGRESSIVE;
				CLANG_WARN_UNREACHABLE_CODE = YES;
				CLANG_WARN__DUPLICATE_METHOD_MATCH = YES;
				COPY_PHASE_STRIP = NO;
				DEBUG_INFORMATION_FORMAT = "dwarf-with-dsym";
				ENABLE_NS_ASSERTIONS = NO;
				ENABLE_STRICT_OBJC_MSGSEND = YES;
				GCC_C_LANGUAGE_STANDARD = gnu11;
				GCC_NO_COMMON_BLOCKS = YES;
				GCC_WARN_64_TO_32_BIT_CONVERSION = YES;
				GCC_WARN_ABOUT_RETURN_TYPE = YES_ERROR;
				GCC_WARN_UNDECLARED_SELECTOR = YES;
				GCC_WARN_UNINITIALIZED_AUTOS = YES_AGGRESSIVE;
				GCC_WARN_UNUSED_FUNCTION = YES;
				GCC_WARN_UNUSED_VARIABLE = YES;
				IPHONEOS_DEPLOYMENT_TARGET = 13.4;
				MTL_ENABLE_DEBUG_INFO = NO;
				MTL_FAST_MATH = YES;
				SDKROOT = iphoneos;
				SWIFT_COMPILATION_MODE = wholemodule;
				SWIFT_OPTIMIZATION_LEVEL = "-O";
				VALIDATE_PRODUCT = YES;
			};
			name = Release;
		};
		B6A4E02B246F2115009A78AC /* Debug */ = {
			isa = XCBuildConfiguration;
			buildSettings = {
				ASSETCATALOG_COMPILER_APPICON_NAME = AppIcon;
				CODE_SIGN_STYLE = Automatic;
				DEVELOPMENT_TEAM = 87G2Y58K9U;
				INFOPLIST_FILE = PresetsMarketplace/Info.plist;
				LD_RUNPATH_SEARCH_PATHS = (
					"$(inherited)",
					"@executable_path/Frameworks",
				);
				PRODUCT_BUNDLE_IDENTIFIER = academy.PresetsMarketplace;
				PRODUCT_NAME = "$(TARGET_NAME)";
				SWIFT_VERSION = 5.0;
				TARGETED_DEVICE_FAMILY = 1;
			};
			name = Debug;
		};
		B6A4E02C246F2115009A78AC /* Release */ = {
			isa = XCBuildConfiguration;
			buildSettings = {
				ASSETCATALOG_COMPILER_APPICON_NAME = AppIcon;
				CODE_SIGN_STYLE = Automatic;
				DEVELOPMENT_TEAM = 87G2Y58K9U;
				INFOPLIST_FILE = PresetsMarketplace/Info.plist;
				LD_RUNPATH_SEARCH_PATHS = (
					"$(inherited)",
					"@executable_path/Frameworks",
				);
				PRODUCT_BUNDLE_IDENTIFIER = academy.PresetsMarketplace;
				PRODUCT_NAME = "$(TARGET_NAME)";
				SWIFT_VERSION = 5.0;
				TARGETED_DEVICE_FAMILY = 1;
			};
			name = Release;
		};
/* End XCBuildConfiguration section */

/* Begin XCConfigurationList section */
		B6A4E00E246F2113009A78AC /* Build configuration list for PBXProject "PresetsMarketplace" */ = {
			isa = XCConfigurationList;
			buildConfigurations = (
				B6A4E028246F2115009A78AC /* Debug */,
				B6A4E029246F2115009A78AC /* Release */,
			);
			defaultConfigurationIsVisible = 0;
			defaultConfigurationName = Release;
		};
		B6A4E02A246F2115009A78AC /* Build configuration list for PBXNativeTarget "PresetsMarketplace" */ = {
			isa = XCConfigurationList;
			buildConfigurations = (
				B6A4E02B246F2115009A78AC /* Debug */,
				B6A4E02C246F2115009A78AC /* Release */,
			);
			defaultConfigurationIsVisible = 0;
			defaultConfigurationName = Release;
		};
/* End XCConfigurationList section */

/* Begin XCVersionGroup section */
		B6A4E01F246F2114009A78AC /* PresetsMarketplace.xcdatamodeld */ = {
			isa = XCVersionGroup;
			children = (
				B6A4E020246F2114009A78AC /* PresetsMarketplace.xcdatamodel */,
			);
			currentVersion = B6A4E020246F2114009A78AC /* PresetsMarketplace.xcdatamodel */;
			path = PresetsMarketplace.xcdatamodeld;
			sourceTree = "<group>";
			versionGroupType = wrapper.xcdatamodel;
		};
/* End XCVersionGroup section */
	};
	rootObject = B6A4E00B246F2113009A78AC /* Project object */;
}
